// !$*UTF8*$!
{
	archiveVersion = 1;
	classes = {
	};
	objectVersion = 50;
	objects = {

/* Begin PBXBuildFile section */
		1F37EC0323519A8D00C7CC59 /* AppDelegate.swift in Sources */ = {isa = PBXBuildFile; fileRef = 1F37EC0223519A8D00C7CC59 /* AppDelegate.swift */; };
		1F37EC0523519A8D00C7CC59 /* ViewController.swift in Sources */ = {isa = PBXBuildFile; fileRef = 1F37EC0423519A8D00C7CC59 /* ViewController.swift */; };
		1F37EC0823519A8D00C7CC59 /* Main.storyboard in Resources */ = {isa = PBXBuildFile; fileRef = 1F37EC0623519A8D00C7CC59 /* Main.storyboard */; };
		1F37EC0A23519A8E00C7CC59 /* Assets.xcassets in Resources */ = {isa = PBXBuildFile; fileRef = 1F37EC0923519A8E00C7CC59 /* Assets.xcassets */; };
		1F37EC0D23519A8E00C7CC59 /* LaunchScreen.storyboard in Resources */ = {isa = PBXBuildFile; fileRef = 1F37EC0B23519A8E00C7CC59 /* LaunchScreen.storyboard */; };
		1F4DDB912351A0AD00F1BB17 /* TableViewController.swift in Sources */ = {isa = PBXBuildFile; fileRef = 1F4DDB902351A0AD00F1BB17 /* TableViewController.swift */; };
		1F4DDB932351A12900F1BB17 /* WaterAmount.swift in Sources */ = {isa = PBXBuildFile; fileRef = 1F4DDB922351A12900F1BB17 /* WaterAmount.swift */; };
		1F4DDB952351A1DD00F1BB17 /* WaterManager.swift in Sources */ = {isa = PBXBuildFile; fileRef = 1F4DDB942351A1DD00F1BB17 /* WaterManager.swift */; };
		1FF28B522351B18C007E65C6 /* TableViewCell.swift in Sources */ = {isa = PBXBuildFile; fileRef = 1FF28B512351B18C007E65C6 /* TableViewCell.swift */; };
		CD9311A71EAD60CBA2C755E4 /* libPods-testTask.a in Frameworks */ = {isa = PBXBuildFile; fileRef = AF93985738D728C062689876 /* libPods-testTask.a */; };
/* End PBXBuildFile section */

/* Begin PBXFileReference section */
		1F37EBFF23519A8D00C7CC59 /* testTask.app */ = {isa = PBXFileReference; explicitFileType = wrapper.application; includeInIndex = 0; path = testTask.app; sourceTree = BUILT_PRODUCTS_DIR; };
		1F37EC0223519A8D00C7CC59 /* AppDelegate.swift */ = {isa = PBXFileReference; lastKnownFileType = sourcecode.swift; path = AppDelegate.swift; sourceTree = "<group>"; };
		1F37EC0423519A8D00C7CC59 /* ViewController.swift */ = {isa = PBXFileReference; lastKnownFileType = sourcecode.swift; path = ViewController.swift; sourceTree = "<group>"; };
		1F37EC0723519A8D00C7CC59 /* Base */ = {isa = PBXFileReference; lastKnownFileType = file.storyboard; name = Base; path = Base.lproj/Main.storyboard; sourceTree = "<group>"; };
		1F37EC0923519A8E00C7CC59 /* Assets.xcassets */ = {isa = PBXFileReference; lastKnownFileType = folder.assetcatalog; path = Assets.xcassets; sourceTree = "<group>"; };
		1F37EC0C23519A8E00C7CC59 /* Base */ = {isa = PBXFileReference; lastKnownFileType = file.storyboard; name = Base; path = Base.lproj/LaunchScreen.storyboard; sourceTree = "<group>"; };
		1F37EC0E23519A8E00C7CC59 /* Info.plist */ = {isa = PBXFileReference; lastKnownFileType = text.plist.xml; path = Info.plist; sourceTree = "<group>"; };
		1F4DDB902351A0AD00F1BB17 /* TableViewController.swift */ = {isa = PBXFileReference; lastKnownFileType = sourcecode.swift; path = TableViewController.swift; sourceTree = "<group>"; };
		1F4DDB922351A12900F1BB17 /* WaterAmount.swift */ = {isa = PBXFileReference; lastKnownFileType = sourcecode.swift; path = WaterAmount.swift; sourceTree = "<group>"; };
		1F4DDB942351A1DD00F1BB17 /* WaterManager.swift */ = {isa = PBXFileReference; lastKnownFileType = sourcecode.swift; path = WaterManager.swift; sourceTree = "<group>"; };
		1FF28B512351B18C007E65C6 /* TableViewCell.swift */ = {isa = PBXFileReference; lastKnownFileType = sourcecode.swift; path = TableViewCell.swift; sourceTree = "<group>"; };
		8079B12716EAF0666A1189D7 /* Pods-testTask.release.xcconfig */ = {isa = PBXFileReference; includeInIndex = 1; lastKnownFileType = text.xcconfig; name = "Pods-testTask.release.xcconfig"; path = "Target Support Files/Pods-testTask/Pods-testTask.release.xcconfig"; sourceTree = "<group>"; };
		A2F73D483101B4DB485A8806 /* Pods-testTask.debug.xcconfig */ = {isa = PBXFileReference; includeInIndex = 1; lastKnownFileType = text.xcconfig; name = "Pods-testTask.debug.xcconfig"; path = "Target Support Files/Pods-testTask/Pods-testTask.debug.xcconfig"; sourceTree = "<group>"; };
		AF93985738D728C062689876 /* libPods-testTask.a */ = {isa = PBXFileReference; explicitFileType = archive.ar; includeInIndex = 0; path = "libPods-testTask.a"; sourceTree = BUILT_PRODUCTS_DIR; };
/* End PBXFileReference section */

/* Begin PBXFrameworksBuildPhase section */
		1F37EBFC23519A8D00C7CC59 /* Frameworks */ = {
			isa = PBXFrameworksBuildPhase;
			buildActionMask = 2147483647;
			files = (
				CD9311A71EAD60CBA2C755E4 /* libPods-testTask.a in Frameworks */,
			);
			runOnlyForDeploymentPostprocessing = 0;
		};
/* End PBXFrameworksBuildPhase section */

/* Begin PBXGroup section */
		1F37EBF623519A8D00C7CC59 = {
			isa = PBXGroup;
			children = (
				1F37EC0123519A8D00C7CC59 /* testTask */,
				1F37EC0023519A8D00C7CC59 /* Products */,
				B4D89BEE009C02699610CC19 /* Pods */,
				CD6A60290D8F4E5556232259 /* Frameworks */,
			);
			sourceTree = "<group>";
		};
		1F37EC0023519A8D00C7CC59 /* Products */ = {
			isa = PBXGroup;
			children = (
				1F37EBFF23519A8D00C7CC59 /* testTask.app */,
			);
			name = Products;
			sourceTree = "<group>";
		};
		1F37EC0123519A8D00C7CC59 /* testTask */ = {
			isa = PBXGroup;
			children = (
				1F37EC0223519A8D00C7CC59 /* AppDelegate.swift */,
				1F37EC0423519A8D00C7CC59 /* ViewController.swift */,
				1F37EC0623519A8D00C7CC59 /* Main.storyboard */,
				1F37EC0923519A8E00C7CC59 /* Assets.xcassets */,
				1F37EC0B23519A8E00C7CC59 /* LaunchScreen.storyboard */,
				1F37EC0E23519A8E00C7CC59 /* Info.plist */,
				1F4DDB902351A0AD00F1BB17 /* TableViewController.swift */,
				1FF28B512351B18C007E65C6 /* TableViewCell.swift */,
				1F4DDB922351A12900F1BB17 /* WaterAmount.swift */,
				1F4DDB942351A1DD00F1BB17 /* WaterManager.swift */,
			);
			path = testTask;
			sourceTree = "<group>";
		};
		B4D89BEE009C02699610CC19 /* Pods */ = {
			isa = PBXGroup;
			children = (
				A2F73D483101B4DB485A8806 /* Pods-testTask.debug.xcconfig */,
				8079B12716EAF0666A1189D7 /* Pods-testTask.release.xcconfig */,
			);
			path = Pods;
			sourceTree = "<group>";
		};
		CD6A60290D8F4E5556232259 /* Frameworks */ = {
			isa = PBXGroup;
			children = (
				AF93985738D728C062689876 /* libPods-testTask.a */,
			);
			name = Frameworks;
			sourceTree = "<group>";
		};
/* End PBXGroup section */

/* Begin PBXNativeTarget section */
		1F37EBFE23519A8D00C7CC59 /* testTask */ = {
			isa = PBXNativeTarget;
			buildConfigurationList = 1F37EC1123519A8E00C7CC59 /* Build configuration list for PBXNativeTarget "testTask" */;
			buildPhases = (
				97F8F7E7E1B78BB8EBD2303D /* [CP] Check Pods Manifest.lock */,
				1F37EBFB23519A8D00C7CC59 /* Sources */,
				1F37EBFC23519A8D00C7CC59 /* Frameworks */,
				1F37EBFD23519A8D00C7CC59 /* Resources */,
			);
			buildRules = (
			);
			dependencies = (
			);
			name = testTask;
			productName = testTask;
			productReference = 1F37EBFF23519A8D00C7CC59 /* testTask.app */;
			productType = "com.apple.product-type.application";
		};
/* End PBXNativeTarget section */

/* Begin PBXProject section */
		1F37EBF723519A8D00C7CC59 /* Project object */ = {
			isa = PBXProject;
			attributes = {
				LastSwiftUpdateCheck = 1020;
				LastUpgradeCheck = 1020;
				ORGANIZATIONNAME = "Александ";
				TargetAttributes = {
					1F37EBFE23519A8D00C7CC59 = {
						CreatedOnToolsVersion = 10.2.1;
					};
				};
			};
			buildConfigurationList = 1F37EBFA23519A8D00C7CC59 /* Build configuration list for PBXProject "testTask" */;
			compatibilityVersion = "Xcode 9.3";
			developmentRegion = en;
			hasScannedForEncodings = 0;
			knownRegions = (
				en,
				Base,
			);
			mainGroup = 1F37EBF623519A8D00C7CC59;
			productRefGroup = 1F37EC0023519A8D00C7CC59 /* Products */;
			projectDirPath = "";
			projectRoot = "";
			targets = (
				1F37EBFE23519A8D00C7CC59 /* testTask */,
			);
		};
/* End PBXProject section */

/* Begin PBXResourcesBuildPhase section */
		1F37EBFD23519A8D00C7CC59 /* Resources */ = {
			isa = PBXResourcesBuildPhase;
			buildActionMask = 2147483647;
			files = (
				1F37EC0D23519A8E00C7CC59 /* LaunchScreen.storyboard in Resources */,
				1F37EC0A23519A8E00C7CC59 /* Assets.xcassets in Resources */,
				1F37EC0823519A8D00C7CC59 /* Main.storyboard in Resources */,
			);
			runOnlyForDeploymentPostprocessing = 0;
		};
/* End PBXResourcesBuildPhase section */

/* Begin PBXShellScriptBuildPhase section */
		97F8F7E7E1B78BB8EBD2303D /* [CP] Check Pods Manifest.lock */ = {
			isa = PBXShellScriptBuildPhase;
			buildActionMask = 2147483647;
			files = (
			);
			inputFileListPaths = (
			);
			inputPaths = (
				"${PODS_PODFILE_DIR_PATH}/Podfile.lock",
				"${PODS_ROOT}/Manifest.lock",
			);
			name = "[CP] Check Pods Manifest.lock";
			outputFileListPaths = (
			);
			outputPaths = (
				"$(DERIVED_FILE_DIR)/Pods-testTask-checkManifestLockResult.txt",
			);
			runOnlyForDeploymentPostprocessing = 0;
			shellPath = /bin/sh;
			shellScript = "diff \"${PODS_PODFILE_DIR_PATH}/Podfile.lock\" \"${PODS_ROOT}/Manifest.lock\" > /dev/null\nif [ $? != 0 ] ; then\n    # print error to STDERR\n    echo \"error: The sandbox is not in sync with the Podfile.lock. Run 'pod install' or update your CocoaPods installation.\" >&2\n    exit 1\nfi\n# This output is used by Xcode 'outputs' to avoid re-running this script phase.\necho \"SUCCESS\" > \"${SCRIPT_OUTPUT_FILE_0}\"\n";
			showEnvVarsInLog = 0;
		};
/* End PBXShellScriptBuildPhase section */

/* Begin PBXSourcesBuildPhase section */
		1F37EBFB23519A8D00C7CC59 /* Sources */ = {
			isa = PBXSourcesBuildPhase;
			buildActionMask = 2147483647;
			files = (
				1F37EC0523519A8D00C7CC59 /* ViewController.swift in Sources */,
				1F4DDB912351A0AD00F1BB17 /* TableViewController.swift in Sources */,
				1F4DDB952351A1DD00F1BB17 /* WaterManager.swift in Sources */,
				1FF28B522351B18C007E65C6 /* TableViewCell.swift in Sources */,
				1F37EC0323519A8D00C7CC59 /* AppDelegate.swift in Sources */,
				1F4DDB932351A12900F1BB17 /* WaterAmount.swift in Sources */,
			);
			runOnlyForDeploymentPostprocessing = 0;
		};
/* End PBXSourcesBuildPhase section */

/* Begin PBXVariantGroup section */
		1F37EC0623519A8D00C7CC59 /* Main.storyboard */ = {
			isa = PBXVariantGroup;
			children = (
				1F37EC0723519A8D00C7CC59 /* Base */,
			);
			name = Main.storyboard;
			sourceTree = "<group>";
		};
		1F37EC0B23519A8E00C7CC59 /* LaunchScreen.storyboard */ = {
			isa = PBXVariantGroup;
			children = (
				1F37EC0C23519A8E00C7CC59 /* Base */,
			);
			name = LaunchScreen.storyboard;
			sourceTree = "<group>";
		};
/* End PBXVariantGroup section */

/* Begin XCBuildConfiguration section */
		1F37EC0F23519A8E00C7CC59 /* Debug */ = {
			isa = XCBuildConfiguration;
			buildSettings = {
				ALWAYS_SEARCH_USER_PATHS = NO;
				CLANG_ANALYZER_NONNULL = YES;
				CLANG_ANALYZER_NUMBER_OBJECT_CONVERSION = YES_AGGRESSIVE;
				CLANG_CXX_LANGUAGE_STANDARD = "gnu++14";
				CLANG_CXX_LIBRARY = "libc++";
				CLANG_ENABLE_MODULES = YES;
				CLANG_ENABLE_OBJC_ARC = YES;
				CLANG_ENABLE_OBJC_WEAK = YES;
				CLANG_WARN_BLOCK_CAPTURE_AUTORELEASING = YES;
				CLANG_WARN_BOOL_CONVERSION = YES;
				CLANG_WARN_COMMA = YES;
				CLANG_WARN_CONSTANT_CONVERSION = YES;
				CLANG_WARN_DEPRECATED_OBJC_IMPLEMENTATIONS = YES;
				CLANG_WARN_DIRECT_OBJC_ISA_USAGE = YES_ERROR;
				CLANG_WARN_DOCUMENTATION_COMMENTS = YES;
				CLANG_WARN_EMPTY_BODY = YES;
				CLANG_WARN_ENUM_CONVERSION = YES;
				CLANG_WARN_INFINITE_RECURSION = YES;
				CLANG_WARN_INT_CONVERSION = YES;
				CLANG_WARN_NON_LITERAL_NULL_CONVERSION = YES;
				CLANG_WARN_OBJC_IMPLICIT_RETAIN_SELF = YES;
				CLANG_WARN_OBJC_LITERAL_CONVERSION = YES;
				CLANG_WARN_OBJC_ROOT_CLASS = YES_ERROR;
				CLANG_WARN_RANGE_LOOP_ANALYSIS = YES;
				CLANG_WARN_STRICT_PROTOTYPES = YES;
				CLANG_WARN_SUSPICIOUS_MOVE = YES;
				CLANG_WARN_UNGUARDED_AVAILABILITY = YES_AGGRESSIVE;
				CLANG_WARN_UNREACHABLE_CODE = YES;
				CLANG_WARN__DUPLICATE_METHOD_MATCH = YES;
				CODE_SIGN_IDENTITY = "iPhone Developer";
				COPY_PHASE_STRIP = NO;
				DEBUG_INFORMATION_FORMAT = dwarf;
				ENABLE_STRICT_OBJC_MSGSEND = YES;
				ENABLE_TESTABILITY = YES;
				GCC_C_LANGUAGE_STANDARD = gnu11;
				GCC_DYNAMIC_NO_PIC = NO;
				GCC_NO_COMMON_BLOCKS = YES;
				GCC_OPTIMIZATION_LEVEL = 0;
				GCC_PREPROCESSOR_DEFINITIONS = (
					"DEBUG=1",
					"$(inherited)",
				);
				GCC_WARN_64_TO_32_BIT_CONVERSION = YES;
				GCC_WARN_ABOUT_RETURN_TYPE = YES_ERROR;
				GCC_WARN_UNDECLARED_SELECTOR = YES;
				GCC_WARN_UNINITIALIZED_AUTOS = YES_AGGRESSIVE;
				GCC_WARN_UNUSED_FUNCTION = YES;
				GCC_WARN_UNUSED_VARIABLE = YES;
				IPHONEOS_DEPLOYMENT_TARGET = 12.2;
				MTL_ENABLE_DEBUG_INFO = INCLUDE_SOURCE;
				MTL_FAST_MATH = YES;
				ONLY_ACTIVE_ARCH = YES;
				SDKROOT = iphoneos;
				SWIFT_ACTIVE_COMPILATION_CONDITIONS = DEBUG;
				SWIFT_OPTIMIZATION_LEVEL = "-Onone";
			};
			name = Debug;
		};
		1F37EC1023519A8E00C7CC59 /* Release */ = {
			isa = XCBuildConfiguration;
			buildSettings = {
				ALWAYS_SEARCH_USER_PATHS = NO;
				CLANG_ANALYZER_NONNULL = YES;
				CLANG_ANALYZER_NUMBER_OBJECT_CONVERSION = YES_AGGRESSIVE;
				CLANG_CXX_LANGUAGE_STANDARD = "gnu++14";
				CLANG_CXX_LIBRARY = "libc++";
				CLANG_ENABLE_MODULES = YES;
				CLANG_ENABLE_OBJC_ARC = YES;
				CLANG_ENABLE_OBJC_WEAK = YES;
				CLANG_WARN_BLOCK_CAPTURE_AUTORELEASING = YES;
				CLANG_WARN_BOOL_CONVERSION = YES;
				CLANG_WARN_COMMA = YES;
				CLANG_WARN_CONSTANT_CONVERSION = YES;
				CLANG_WARN_DEPRECATED_OBJC_IMPLEMENTATIONS = YES;
				CLANG_WARN_DIRECT_OBJC_ISA_USAGE = YES_ERROR;
				CLANG_WARN_DOCUMENTATION_COMMENTS = YES;
				CLANG_WARN_EMPTY_BODY = YES;
				CLANG_WARN_ENUM_CONVERSION = YES;
				CLANG_WARN_INFINITE_RECURSION = YES;
				CLANG_WARN_INT_CONVERSION = YES;
				CLANG_WARN_NON_LITERAL_NULL_CONVERSION = YES;
				CLANG_WARN_OBJC_IMPLICIT_RETAIN_SELF = YES;
				CLANG_WARN_OBJC_LITERAL_CONVERSION = YES;
				CLANG_WARN_OBJC_ROOT_CLASS = YES_ERROR;
				CLANG_WARN_RANGE_LOOP_ANALYSIS = YES;
				CLANG_WARN_STRICT_PROTOTYPES = YES;
				CLANG_WARN_SUSPICIOUS_MOVE = YES;
				CLANG_WARN_UNGUARDED_AVAILABILITY = YES_AGGRESSIVE;
				CLANG_WARN_UNREACHABLE_CODE = YES;
				CLANG_WARN__DUPLICATE_METHOD_MATCH = YES;
				CODE_SIGN_IDENTITY = "iPhone Developer";
				COPY_PHASE_STRIP = NO;
				DEBUG_INFORMATION_FORMAT = "dwarf-with-dsym";
				ENABLE_NS_ASSERTIONS = NO;
				ENABLE_STRICT_OBJC_MSGSEND = YES;
				GCC_C_LANGUAGE_STANDARD = gnu11;
				GCC_NO_COMMON_BLOCKS = YES;
				GCC_WARN_64_TO_32_BIT_CONVERSION = YES;
				GCC_WARN_ABOUT_RETURN_TYPE = YES_ERROR;
				GCC_WARN_UNDECLARED_SELECTOR = YES;
				GCC_WARN_UNINITIALIZED_AUTOS = YES_AGGRESSIVE;
				GCC_WARN_UNUSED_FUNCTION = YES;
				GCC_WARN_UNUSED_VARIABLE = YES;
				IPHONEOS_DEPLOYMENT_TARGET = 12.2;
				MTL_ENABLE_DEBUG_INFO = NO;
				MTL_FAST_MATH = YES;
				SDKROOT = iphoneos;
				SWIFT_COMPILATION_MODE = wholemodule;
				SWIFT_OPTIMIZATION_LEVEL = "-O";
				VALIDATE_PRODUCT = YES;
			};
			name = Release;
		};
		1F37EC1223519A8E00C7CC59 /* Debug */ = {
			isa = XCBuildConfiguration;
			baseConfigurationReference = A2F73D483101B4DB485A8806 /* Pods-testTask.debug.xcconfig */;
			buildSettings = {
				ASSETCATALOG_COMPILER_APPICON_NAME = AppIcon;
				CODE_SIGN_STYLE = Automatic;
				INFOPLIST_FILE = testTask/Info.plist;
				LD_RUNPATH_SEARCH_PATHS = (
					"$(inherited)",
					"@executable_path/Frameworks",
				);
				PRODUCT_BUNDLE_IDENTIFIER = me.testTask;
				PRODUCT_NAME = "$(TARGET_NAME)";
				SWIFT_VERSION = 5.0;
				TARGETED_DEVICE_FAMILY = "1,2";
			};
			name = Debug;
		};
		1F37EC1323519A8E00C7CC59 /* Release */ = {
			isa = XCBuildConfiguration;
			baseConfigurationReference = 8079B12716EAF0666A1189D7 /* Pods-testTask.release.xcconfig */;
			buildSettings = {
				ASSETCATALOG_COMPILER_APPICON_NAME = AppIcon;
				CODE_SIGN_STYLE = Automatic;
				INFOPLIST_FILE = testTask/Info.plist;
				LD_RUNPATH_SEARCH_PATHS = (
					"$(inherited)",
					"@executable_path/Frameworks",
				);
				PRODUCT_BUNDLE_IDENTIFIER = me.testTask;
				PRODUCT_NAME = "$(TARGET_NAME)";
				SWIFT_VERSION = 5.0;
				TARGETED_DEVICE_FAMILY = "1,2";
			};
			name = Release;
		};
/* End XCBuildConfiguration section */

/* Begin XCConfigurationList section */
		1F37EBFA23519A8D00C7CC59 /* Build configuration list for PBXProject "testTask" */ = {
			isa = XCConfigurationList;
			buildConfigurations = (
				1F37EC0F23519A8E00C7CC59 /* Debug */,
				1F37EC1023519A8E00C7CC59 /* Release */,
			);
			defaultConfigurationIsVisible = 0;
			defaultConfigurationName = Release;
		};
		1F37EC1123519A8E00C7CC59 /* Build configuration list for PBXNativeTarget "testTask" */ = {
			isa = XCConfigurationList;
			buildConfigurations = (
				1F37EC1223519A8E00C7CC59 /* Debug */,
				1F37EC1323519A8E00C7CC59 /* Release */,
			);
			defaultConfigurationIsVisible = 0;
			defaultConfigurationName = Release;
		};
/* End XCConfigurationList section */
	};
	rootObject = 1F37EBF723519A8D00C7CC59 /* Project object */;
}
